
Microsoft Visual Studio Solution File, Format Version 12.00
# Visual Studio Version 17
VisualStudioVersion = 17.5.002.0
MinimumVisualStudioVersion = 10.0.40219.1
Project("{9A19103F-16F7-4668-BE54-9A1E7A4F7556}") = "Welp", "Welp.csproj", "{B416373C-3D8E-4DBB-88D1-82483E0F6406}"
EndProject
Global
	GlobalSection(SolutionConfigurationPlatforms) = preSolution
		Debug|Any CPU = Debug|Any CPU
		Release|Any CPU = Release|Any CPU
	EndGlobalSection
	GlobalSection(ProjectConfigurationPlatforms) = postSolution
		{B416373C-3D8E-4DBB-88D1-82483E0F6406}.Debug|Any CPU.ActiveCfg = Debug|Any CPU
		{B416373C-3D8E-4DBB-88D1-82483E0F6406}.Debug|Any CPU.Build.0 = Debug|Any CPU
		{B416373C-3D8E-4DBB-88D1-82483E0F6406}.Release|Any CPU.ActiveCfg = Release|Any CPU
		{B416373C-3D8E-4DBB-88D1-82483E0F6406}.Release|Any CPU.Build.0 = Release|Any CPU
	EndGlobalSection
	GlobalSection(SolutionProperties) = preSolution
		HideSolutionNode = FALSE
	EndGlobalSection
	GlobalSection(ExtensibilityGlobals) = postSolution
		SolutionGuid = {4EC976FB-BE81-4F9E-AC95-0A07C6495665}
	EndGlobalSection
EndGlobal
